<?xml version="1.0" encoding="utf-8"?>
<Project ToolsVersion="4.0" xmlns="http://schemas.microsoft.com/developer/msbuild/2003">
  <ItemGroup>
    <Filter Include="Platform">
      <UniqueIdentifier>{2AC788B4-1694-E3BF-3FAD-D1672BD9184E}</UniqueIdentifier>
    </Filter>
    <Filter Include="Platform\Windows">
      <UniqueIdentifier>{64FBD71A-50F4-F66C-7926-DCF1657ED678}</UniqueIdentifier>
    </Filter>
    <Filter Include="Reptile">
      <UniqueIdentifier>{1A3CAC9F-861B-2B3B-8F33-B611FB91919C}</UniqueIdentifier>
    </Filter>
    <Filter Include="Reptile\Events">
      <UniqueIdentifier>{BE0636FE-AAD4-2904-9368-9A2A7FD50569}</UniqueIdentifier>
    </Filter>
  </ItemGroup>
  <ItemGroup>
    <ClInclude Include="src\Platform\Windows\WindowsWindow.h">
      <Filter>Platform\Windows</Filter>
    </ClInclude>
    <ClInclude Include="src\Reptile.h" />
    <ClInclude Include="src\Reptile\Application.h">
      <Filter>Reptile</Filter>
    </ClInclude>
    <ClInclude Include="src\Reptile\Core.h">
      <Filter>Reptile</Filter>
    </ClInclude>
    <ClInclude Include="src\Reptile\EntryPoint.h">
      <Filter>Reptile</Filter>
    </ClInclude>
    <ClInclude Include="src\Reptile\Events\ApplicationEvent.h">
      <Filter>Reptile\Events</Filter>
    </ClInclude>
    <ClInclude Include="src\Reptile\Events\Event.h">
      <Filter>Reptile\Events</Filter>
    </ClInclude>
    <ClInclude Include="src\Reptile\Events\KeyEvent.h">
      <Filter>Reptile\Events</Filter>
    </ClInclude>
    <ClInclude Include="src\Reptile\Events\MouseEvent.h">
      <Filter>Reptile\Events</Filter>
    </ClInclude>
    <ClInclude Include="src\Reptile\Layer.h">
      <Filter>Reptile</Filter>
    </ClInclude>
    <ClInclude Include="src\Reptile\LayerStack.h">
      <Filter>Reptile</Filter>
    </ClInclude>
    <ClInclude Include="src\Reptile\Log.h">
      <Filter>Reptile</Filter>
    </ClInclude>
    <ClInclude Include="src\Reptile\Window.h">
      <Filter>Reptile</Filter>
    </ClInclude>
    <ClInclude Include="src\rppch.h" />
  </ItemGroup>
  <ItemGroup>
    <ClCompile Include="src\Platform\Windows\WindowsWindow.cpp">
      <Filter>Platform\Windows</Filter>
    </ClCompile>
    <ClCompile Include="src\Reptile\Application.cpp">
      <Filter>Reptile</Filter>
    </ClCompile>
    <ClCompile Include="src\Reptile\Layer.cpp">
      <Filter>Reptile</Filter>
    </ClCompile>
    <ClCompile Include="src\Reptile\LayerStack.cpp">
      <Filter>Reptile</Filter>
    </ClCompile>
    <ClCompile Include="src\Reptile\Log.cpp">
      <Filter>Reptile</Filter>
    </ClCompile>
    <ClCompile Include="src\rppch.cpp" />
  </ItemGroup>
</Project>